// !$*UTF8*$!
{
	archiveVersion = 1;
	classes = {
	};
	objectVersion = 46;
	objects = {

/* Begin PBXBuildFile section */
		9AA523050709504396464587 /* LaunchScreen.storyboard in Resources */ = {isa = PBXBuildFile; fileRef = 9AA520F999729A2486311C3F /* LaunchScreen.storyboard */; };
		9AA5231A53FC286C8CD18870 /* AppDelegate.swift in Sources */ = {isa = PBXBuildFile; fileRef = 9AA524846836AFCE5CE9C3D7 /* AppDelegate.swift */; };
		9AA52345199004928EC9700F /* ViewController.swift in Sources */ = {isa = PBXBuildFile; fileRef = 9AA522B4FF93ACCEF36D2B91 /* ViewController.swift */; };
		9AA52505D6BC38C3C96C7ACE /* Assets.xcassets in Resources */ = {isa = PBXBuildFile; fileRef = 9AA5226D72684DA881EA5437 /* Assets.xcassets */; };
		9AA52820C0A7E7307520D71C /* SceneDelegate.swift in Sources */ = {isa = PBXBuildFile; fileRef = 9AA52778515D7F8283F7D891 /* SceneDelegate.swift */; };
		9AA529A9D11CBC1B742F2AC6 /* Main.storyboard in Resources */ = {isa = PBXBuildFile; fileRef = 9AA523C51DC576F18840A6A1 /* Main.storyboard */; };
/* End PBXBuildFile section */

/* Begin PBXFileReference section */
		9AA5200A29F1C88873745283 /* Base */ = {isa = PBXFileReference; lastKnownFileType = file.storyboard; name = Base; path = Base.lproj/LaunchScreen.storyboard; sourceTree = "<group>"; };
		9AA5226D72684DA881EA5437 /* Assets.xcassets */ = {isa = PBXFileReference; lastKnownFileType = folder.assetcatalog; path = Assets.xcassets; sourceTree = "<group>"; };
		9AA522B4FF93ACCEF36D2B91 /* ViewController.swift */ = {isa = PBXFileReference; lastKnownFileType = sourcecode.swift; path = ViewController.swift; sourceTree = "<group>"; };
		9AA524846836AFCE5CE9C3D7 /* AppDelegate.swift */ = {isa = PBXFileReference; lastKnownFileType = sourcecode.swift; path = AppDelegate.swift; sourceTree = "<group>"; };
		9AA52778515D7F8283F7D891 /* SceneDelegate.swift */ = {isa = PBXFileReference; lastKnownFileType = sourcecode.swift; path = SceneDelegate.swift; sourceTree = "<group>"; };
		9AA529263B04AAB8C90A7042 /* Base */ = {isa = PBXFileReference; lastKnownFileType = file.storyboard; name = Base; path = Base.lproj/Main.storyboard; sourceTree = "<group>"; };
		9AA52A74482262160BAE0B63 /* EatTogether.app */ = {isa = PBXFileReference; explicitFileType = wrapper.application; includeInIndex = 0; path = EatTogether.app; sourceTree = BUILT_PRODUCTS_DIR; };
		9AA52B0D77EC20CAE7858C06 /* Info.plist */ = {isa = PBXFileReference; lastKnownFileType = text.plist.info; path = Info.plist; sourceTree = "<group>"; };
/* End PBXFileReference section */

/* Begin PBXFrameworksBuildPhase section */
		9AA52F4E215EBD0FB0F16861 /* Frameworks */ = {
			isa = PBXFrameworksBuildPhase;
			buildActionMask = 2147483647;
			files = (
			);
			runOnlyForDeploymentPostprocessing = 0;
		};
/* End PBXFrameworksBuildPhase section */

/* Begin PBXGroup section */
		9AA5235D35E37CE5A07F3664 = {
			isa = PBXGroup;
			children = (
				9AA52647EDF139D3A9AABBED /* Products */,
				9AA5267007A8F6C3A68AAD1C /* EatTogether */,
			);
			sourceTree = "<group>";
		};
		9AA52647EDF139D3A9AABBED /* Products */ = {
			isa = PBXGroup;
			children = (
				9AA52A74482262160BAE0B63 /* EatTogether.app */,
			);
			name = Products;
			sourceTree = "<group>";
		};
		9AA5267007A8F6C3A68AAD1C /* EatTogether */ = {
			isa = PBXGroup;
			children = (
				9AA52B0D77EC20CAE7858C06 /* Info.plist */,
				9AA5226D72684DA881EA5437 /* Assets.xcassets */,
				9AA520F999729A2486311C3F /* LaunchScreen.storyboard */,
				9AA524846836AFCE5CE9C3D7 /* AppDelegate.swift */,
				9AA52778515D7F8283F7D891 /* SceneDelegate.swift */,
				9AA522B4FF93ACCEF36D2B91 /* ViewController.swift */,
				9AA523C51DC576F18840A6A1 /* Main.storyboard */,
			);
			path = EatTogether;
			sourceTree = "<group>";
		};
/* End PBXGroup section */

/* Begin PBXNativeTarget section */
		9AA5203DE562DFD4B7AF9269 /* EatTogether */ = {
			isa = PBXNativeTarget;
			buildConfigurationList = 9AA52A595A8AD78D20D9A745 /* Build configuration list for PBXNativeTarget "EatTogether" */;
			buildPhases = (
				9AA523ADDF7FA3F83EDA0BE6 /* Sources */,
				9AA52F4E215EBD0FB0F16861 /* Frameworks */,
				9AA5221ABA6E7FBA5060536E /* Resources */,
			);
			buildRules = (
			);
			dependencies = (
			);
			name = EatTogether;
			productName = EatTogether;
			productReference = 9AA52A74482262160BAE0B63 /* EatTogether.app */;
			productType = "com.apple.product-type.application";
		};
/* End PBXNativeTarget section */

/* Begin PBXProject section */
		9AA52CD87FDBA40510144656 /* Project object */ = {
			isa = PBXProject;
			attributes = {
				ORGANIZATIONNAME = FourMan;
			};
			buildConfigurationList = 9AA5283182E866D68BFAC9E9 /* Build configuration list for PBXProject "EatTogether" */;
			compatibilityVersion = "Xcode 3.2";
			developmentRegion = English;
			hasScannedForEncodings = 0;
			knownRegions = (
				en,
			);
			mainGroup = 9AA5235D35E37CE5A07F3664;
			productRefGroup = 9AA52647EDF139D3A9AABBED /* Products */;
			projectDirPath = "";
			projectRoot = "";
			targets = (
				9AA5203DE562DFD4B7AF9269 /* EatTogether */,
			);
		};
/* End PBXProject section */

/* Begin PBXResourcesBuildPhase section */
		9AA5221ABA6E7FBA5060536E /* Resources */ = {
			isa = PBXResourcesBuildPhase;
			buildActionMask = 2147483647;
			files = (
				9AA52505D6BC38C3C96C7ACE /* Assets.xcassets in Resources */,
				9AA523050709504396464587 /* LaunchScreen.storyboard in Resources */,
				9AA529A9D11CBC1B742F2AC6 /* Main.storyboard in Resources */,
			);
			runOnlyForDeploymentPostprocessing = 0;
		};
/* End PBXResourcesBuildPhase section */

/* Begin PBXSourcesBuildPhase section */
		9AA523ADDF7FA3F83EDA0BE6 /* Sources */ = {
			isa = PBXSourcesBuildPhase;
			buildActionMask = 2147483647;
			files = (
				9AA5231A53FC286C8CD18870 /* AppDelegate.swift in Sources */,
				9AA52820C0A7E7307520D71C /* SceneDelegate.swift in Sources */,
				9AA52345199004928EC9700F /* ViewController.swift in Sources */,
			);
			runOnlyForDeploymentPostprocessing = 0;
		};
/* End PBXSourcesBuildPhase section */

/* Begin PBXVariantGroup section */
		9AA520F999729A2486311C3F /* LaunchScreen.storyboard */ = {
			isa = PBXVariantGroup;
			children = (
				9AA5200A29F1C88873745283 /* Base */,
			);
			name = LaunchScreen.storyboard;
			sourceTree = "<group>";
		};
		9AA523C51DC576F18840A6A1 /* Main.storyboard */ = {
			isa = PBXVariantGroup;
			children = (
				9AA529263B04AAB8C90A7042 /* Base */,
			);
			name = Main.storyboard;
			sourceTree = "<group>";
		};
/* End PBXVariantGroup section */

/* Begin XCBuildConfiguration section */
		9AA524E4AAAE8027575C5C5B /* Debug */ = {
			isa = XCBuildConfiguration;
			buildSettings = {
				ALWAYS_SEARCH_USER_PATHS = NO;
				CLANG_ANALYZER_NONNULL = YES;
				CLANG_ANALYZER_NUMBER_OBJECT_CONVERSION = YES_AGGRESSIVE;
				CLANG_CXX_LANGUAGE_STANDARD = "gnu++14";
				CLANG_CXX_LIBRARY = "libc++";
				CLANG_ENABLE_MODULES = YES;
				CLANG_ENABLE_OBJC_ARC = YES;
				CLANG_ENABLE_OBJC_WEAK = YES;
				CLANG_WARN_BLOCK_CAPTURE_AUTORELEASING = YES;
				CLANG_WARN_BOOL_CONVERSION = YES;
				CLANG_WARN_COMMA = YES;
				CLANG_WARN_CONSTANT_CONVERSION = YES;
				CLANG_WARN_DEPRECATED_OBJC_IMPLEMENTATIONS = YES;
				CLANG_WARN_DIRECT_OBJC_ISA_USAGE = YES_ERROR;
				CLANG_WARN_DOCUMENTATION_COMMENTS = YES;
				CLANG_WARN_EMPTY_BODY = YES;
				CLANG_WARN_ENUM_CONVERSION = YES;
				CLANG_WARN_INFINITE_RECURSION = YES;
				CLANG_WARN_INT_CONVERSION = YES;
				CLANG_WARN_NON_LITERAL_NULL_CONVERSION = YES;
				CLANG_WARN_OBJC_IMPLICIT_RETAIN_SELF = YES;
				CLANG_WARN_OBJC_LITERAL_CONVERSION = YES;
				CLANG_WARN_OBJC_ROOT_CLASS = YES_ERROR;
				CLANG_WARN_RANGE_LOOP_ANALYSIS = YES;
				CLANG_WARN_STRICT_PROTOTYPES = YES;
				CLANG_WARN_SUSPICIOUS_MOVE = YES;
				CLANG_WARN_UNGUARDED_AVAILABILITY = YES_AGGRESSIVE;
				CLANG_WARN_UNREACHABLE_CODE = YES;
				CLANG_WARN__DUPLICATE_METHOD_MATCH = YES;
				COPY_PHASE_STRIP = NO;
				DEBUG_INFORMATION_FORMAT = dwarf;
				ENABLE_STRICT_OBJC_MSGSEND = YES;
				ENABLE_TESTABILITY = YES;
				GCC_C_LANGUAGE_STANDARD = gnu11;
				GCC_DYNAMIC_NO_PIC = NO;
				GCC_NO_COMMON_BLOCKS = YES;
				GCC_OPTIMIZATION_LEVEL = 0;
				GCC_PREPROCESSOR_DEFINITIONS = (
					"DEBUG=1",
					"$(inherited)",
				);
				GCC_WARN_64_TO_32_BIT_CONVERSION = YES;
				GCC_WARN_ABOUT_RETURN_TYPE = YES_ERROR;
				GCC_WARN_UNDECLARED_SELECTOR = YES;
				GCC_WARN_UNINITIALIZED_AUTOS = YES_AGGRESSIVE;
				GCC_WARN_UNUSED_FUNCTION = YES;
				GCC_WARN_UNUSED_VARIABLE = YES;
				IPHONEOS_DEPLOYMENT_TARGET = 13.6;
				MTL_ENABLE_DEBUG_INFO = INCLUDE_SOURCE;
				MTL_FAST_MATH = YES;
				ONLY_ACTIVE_ARCH = YES;
				SDKROOT = iphoneos;
				SWIFT_ACTIVE_COMPILATION_CONDITIONS = DEBUG;
				SWIFT_OPTIMIZATION_LEVEL = "-Onone";
			};
			name = Debug;
		};
		9AA52B00D266447996DD48E7 /* Release */ = {
			isa = XCBuildConfiguration;
			buildSettings = {
				ASSETCATALOG_COMPILER_APPICON_NAME = AppIcon;
				INFOPLIST_FILE = EatTogether/Info.plist;
				LD_RUNPATH_SEARCH_PATHS = "$(inherited) @executable_path/Frameworks";
				PRODUCT_BUNDLE_IDENTIFIER = com.fourman.EatTogether;
				PRODUCT_NAME = "$(TARGET_NAME)";
				SWIFT_VERSION = 5.0;
				TARGETED_DEVICE_FAMILY = "1,2";
			};
			name = Release;
		};
		9AA52BB0244C395534C33589 /* Debug */ = {
			isa = XCBuildConfiguration;
			buildSettings = {
				ASSETCATALOG_COMPILER_APPICON_NAME = AppIcon;
				INFOPLIST_FILE = EatTogether/Info.plist;
				LD_RUNPATH_SEARCH_PATHS = "$(inherited) @executable_path/Frameworks";
				PRODUCT_BUNDLE_IDENTIFIER = com.fourman.EatTogether;
				PRODUCT_NAME = "$(TARGET_NAME)";
				SWIFT_VERSION = 5.0;
				TARGETED_DEVICE_FAMILY = "1,2";
			};
			name = Debug;
		};
		9AA52EE41E61F3B22322E960 /* Release */ = {
			isa = XCBuildConfiguration;
			buildSettings = {
				ALWAYS_SEARCH_USER_PATHS = NO;
				CLANG_ANALYZER_NONNULL = YES;
				CLANG_ANALYZER_NUMBER_OBJECT_CONVERSION = YES_AGGRESSIVE;
				CLANG_CXX_LANGUAGE_STANDARD = "gnu++14";
				CLANG_CXX_LIBRARY = "libc++";
				CLANG_ENABLE_MODULES = YES;
				CLANG_ENABLE_OBJC_ARC = YES;
				CLANG_ENABLE_OBJC_WEAK = YES;
				CLANG_WARN_BLOCK_CAPTURE_AUTORELEASING = YES;
				CLANG_WARN_BOOL_CONVERSION = YES;
				CLANG_WARN_COMMA = YES;
				CLANG_WARN_CONSTANT_CONVERSION = YES;
				CLANG_WARN_DEPRECATED_OBJC_IMPLEMENTATIONS = YES;
				CLANG_WARN_DIRECT_OBJC_ISA_USAGE = YES_ERROR;
				CLANG_WARN_DOCUMENTATION_COMMENTS = YES;
				CLANG_WARN_EMPTY_BODY = YES;
				CLANG_WARN_ENUM_CONVERSION = YES;
				CLANG_WARN_INFINITE_RECURSION = YES;
				CLANG_WARN_INT_CONVERSION = YES;
				CLANG_WARN_NON_LITERAL_NULL_CONVERSION = YES;
				CLANG_WARN_OBJC_IMPLICIT_RETAIN_SELF = YES;
				CLANG_WARN_OBJC_LITERAL_CONVERSION = YES;
				CLANG_WARN_OBJC_ROOT_CLASS = YES_ERROR;
				CLANG_WARN_RANGE_LOOP_ANALYSIS = YES;
				CLANG_WARN_STRICT_PROTOTYPES = YES;
				CLANG_WARN_SUSPICIOUS_MOVE = YES;
				CLANG_WARN_UNGUARDED_AVAILABILITY = YES_AGGRESSIVE;
				CLANG_WARN_UNREACHABLE_CODE = YES;
				CLANG_WARN__DUPLICATE_METHOD_MATCH = YES;
				COPY_PHASE_STRIP = NO;
				DEBUG_INFORMATION_FORMAT = "dwarf-with-dsym";
				ENABLE_NS_ASSERTIONS = NO;
				ENABLE_STRICT_OBJC_MSGSEND = YES;
				GCC_C_LANGUAGE_STANDARD = gnu11;
				GCC_NO_COMMON_BLOCKS = YES;
				GCC_WARN_64_TO_32_BIT_CONVERSION = YES;
				GCC_WARN_ABOUT_RETURN_TYPE = YES_ERROR;
				GCC_WARN_UNDECLARED_SELECTOR = YES;
				GCC_WARN_UNINITIALIZED_AUTOS = YES_AGGRESSIVE;
				GCC_WARN_UNUSED_FUNCTION = YES;
				GCC_WARN_UNUSED_VARIABLE = YES;
				IPHONEOS_DEPLOYMENT_TARGET = 13.6;
				MTL_ENABLE_DEBUG_INFO = NO;
				MTL_FAST_MATH = YES;
				SDKROOT = iphoneos;
				SWIFT_COMPILATION_MODE = wholemodule;
				SWIFT_OPTIMIZATION_LEVEL = "-O";
				VALIDATE_PRODUCT = YES;
			};
			name = Release;
		};
/* End XCBuildConfiguration section */

/* Begin XCConfigurationList section */
		9AA5283182E866D68BFAC9E9 /* Build configuration list for PBXProject "EatTogether" */ = {
			isa = XCConfigurationList;
			buildConfigurations = (
				9AA524E4AAAE8027575C5C5B /* Debug */,
				9AA52EE41E61F3B22322E960 /* Release */,
			);
			defaultConfigurationIsVisible = 0;
			defaultConfigurationName = Release;
		};
		9AA52A595A8AD78D20D9A745 /* Build configuration list for PBXNativeTarget "EatTogether" */ = {
			isa = XCConfigurationList;
			buildConfigurations = (
				9AA52BB0244C395534C33589 /* Debug */,
				9AA52B00D266447996DD48E7 /* Release */,
			);
			defaultConfigurationIsVisible = 0;
		};
/* End XCConfigurationList section */
	};
	rootObject = 9AA52CD87FDBA40510144656 /* Project object */;
}
